{
  "name": "h-bootstrap",
  "lockfileVersion": 2,
  "requires": true,
  "packages": {
    "": {
      "dependencies": {
        "h-bootstrap": "^1.0.0"
      }
    },
    "node_modules/h-bootstrap": {
      "version": "1.0.0",
      "resolved": "https://registry.npmjs.org/h-bootstrap/-/h-bootstrap-1.0.0.tgz",
      "integrity": "sha512-OGTRNdFo2AxcSCVNIMsmPTAMkttlNRAzTsxOla0S0MD1Vexqzu9qj+ulZnXkTbaPCF1wocrzWRfFJ2cOoFJOZA=="
    }
  },
  "dependencies": {
    "h-bootstrap": {
      "version": "1.0.0",
      "resolved": "https://registry.npmjs.org/h-bootstrap/-/h-bootstrap-1.0.0.tgz",
      "integrity": "sha512-OGTRNdFo2AxcSCVNIMsmPTAMkttlNRAzTsxOla0S0MD1Vexqzu9qj+ulZnXkTbaPCF1wocrzWRfFJ2cOoFJOZA=="
    }
  }
}
